// !$*UTF8*$!
{
	archiveVersion = 1;
	classes = {
	};
	objectVersion = 46;
	objects = {

/* Begin PBXBuildFile section */
		2F9830011ECDE88C005FA910 /* AppDelegate.swift in Sources */ = {isa = PBXBuildFile; fileRef = 2F9830001ECDE88C005FA910 /* AppDelegate.swift */; };
		2F9830031ECDE88C005FA910 /* ViewController.swift in Sources */ = {isa = PBXBuildFile; fileRef = 2F9830021ECDE88C005FA910 /* ViewController.swift */; };
		2F9830061ECDE88C005FA910 /* Main.storyboard in Resources */ = {isa = PBXBuildFile; fileRef = 2F9830041ECDE88C005FA910 /* Main.storyboard */; };
		2F9830081ECDE88C005FA910 /* Assets.xcassets in Resources */ = {isa = PBXBuildFile; fileRef = 2F9830071ECDE88C005FA910 /* Assets.xcassets */; };
		2F98300B1ECDE88C005FA910 /* LaunchScreen.storyboard in Resources */ = {isa = PBXBuildFile; fileRef = 2F9830091ECDE88C005FA910 /* LaunchScreen.storyboard */; };
/* End PBXBuildFile section */

/* Begin PBXFileReference section */
		2F982FFD1ECDE88C005FA910 /* TesteRasgadaoRasgado.app */ = {isa = PBXFileReference; explicitFileType = wrapper.application; includeInIndex = 0; path = TesteRasgadaoRasgado.app; sourceTree = BUILT_PRODUCTS_DIR; };
		2F9830001ECDE88C005FA910 /* AppDelegate.swift */ = {isa = PBXFileReference; lastKnownFileType = sourcecode.swift; path = AppDelegate.swift; sourceTree = "<group>"; };
		2F9830021ECDE88C005FA910 /* ViewController.swift */ = {isa = PBXFileReference; lastKnownFileType = sourcecode.swift; path = ViewController.swift; sourceTree = "<group>"; };
		2F9830051ECDE88C005FA910 /* Base */ = {isa = PBXFileReference; lastKnownFileType = file.storyboard; name = Base; path = Base.lproj/Main.storyboard; sourceTree = "<group>"; };
		2F9830071ECDE88C005FA910 /* Assets.xcassets */ = {isa = PBXFileReference; lastKnownFileType = folder.assetcatalog; path = Assets.xcassets; sourceTree = "<group>"; };
		2F98300A1ECDE88C005FA910 /* Base */ = {isa = PBXFileReference; lastKnownFileType = file.storyboard; name = Base; path = Base.lproj/LaunchScreen.storyboard; sourceTree = "<group>"; };
		2F98300C1ECDE88C005FA910 /* Info.plist */ = {isa = PBXFileReference; lastKnownFileType = text.plist.xml; path = Info.plist; sourceTree = "<group>"; };
/* End PBXFileReference section */

/* Begin PBXFrameworksBuildPhase section */
		2F982FFA1ECDE88C005FA910 /* Frameworks */ = {
			isa = PBXFrameworksBuildPhase;
			buildActionMask = 2147483647;
			files = (
			);
			runOnlyForDeploymentPostprocessing = 0;
		};
/* End PBXFrameworksBuildPhase section */

/* Begin PBXGroup section */
		2F982FF41ECDE88C005FA910 = {
			isa = PBXGroup;
			children = (
				2F982FFF1ECDE88C005FA910 /* TesteRasgadaoRasgado */,
				2F982FFE1ECDE88C005FA910 /* Products */,
			);
			sourceTree = "<group>";
		};
		2F982FFE1ECDE88C005FA910 /* Products */ = {
			isa = PBXGroup;
			children = (
				2F982FFD1ECDE88C005FA910 /* TesteRasgadaoRasgado.app */,
			);
			name = Products;
			sourceTree = "<group>";
		};
		2F982FFF1ECDE88C005FA910 /* TesteRasgadaoRasgado */ = {
			isa = PBXGroup;
			children = (
				2F9830001ECDE88C005FA910 /* AppDelegate.swift */,
				2F9830021ECDE88C005FA910 /* ViewController.swift */,
				2F9830041ECDE88C005FA910 /* Main.storyboard */,
				2F9830071ECDE88C005FA910 /* Assets.xcassets */,
				2F9830091ECDE88C005FA910 /* LaunchScreen.storyboard */,
				2F98300C1ECDE88C005FA910 /* Info.plist */,
			);
			path = TesteRasgadaoRasgado;
			sourceTree = "<group>";
		};
/* End PBXGroup section */

/* Begin PBXNativeTarget section */
		2F982FFC1ECDE88C005FA910 /* TesteRasgadaoRasgado */ = {
			isa = PBXNativeTarget;
			buildConfigurationList = 2F98300F1ECDE88C005FA910 /* Build configuration list for PBXNativeTarget "TesteRasgadaoRasgado" */;
			buildPhases = (
				2F982FF91ECDE88C005FA910 /* Sources */,
				2F982FFA1ECDE88C005FA910 /* Frameworks */,
				2F982FFB1ECDE88C005FA910 /* Resources */,
			);
			buildRules = (
			);
			dependencies = (
			);
			name = TesteRasgadaoRasgado;
			productName = TesteRasgadaoRasgado;
			productReference = 2F982FFD1ECDE88C005FA910 /* TesteRasgadaoRasgado.app */;
			productType = "com.apple.product-type.application";
		};
/* End PBXNativeTarget section */

/* Begin PBXProject section */
		2F982FF51ECDE88C005FA910 /* Project object */ = {
			isa = PBXProject;
			attributes = {
				LastSwiftUpdateCheck = 0830;
				LastUpgradeCheck = 0830;
				ORGANIZATIONNAME = "Luan Costa";
				TargetAttributes = {
					2F982FFC1ECDE88C005FA910 = {
						CreatedOnToolsVersion = 8.3.1;
						DevelopmentTeam = SZSQ274898;
						ProvisioningStyle = Automatic;
					};
				};
			};
			buildConfigurationList = 2F982FF81ECDE88C005FA910 /* Build configuration list for PBXProject "TesteRasgadaoRasgado" */;
			compatibilityVersion = "Xcode 3.2";
			developmentRegion = English;
			hasScannedForEncodings = 0;
			knownRegions = (
				en,
				Base,
			);
			mainGroup = 2F982FF41ECDE88C005FA910;
			productRefGroup = 2F982FFE1ECDE88C005FA910 /* Products */;
			projectDirPath = "";
			projectRoot = "";
			targets = (
				2F982FFC1ECDE88C005FA910 /* TesteRasgadaoRasgado */,
			);
		};
/* End PBXProject section */

/* Begin PBXResourcesBuildPhase section */
		2F982FFB1ECDE88C005FA910 /* Resources */ = {
			isa = PBXResourcesBuildPhase;
			buildActionMask = 2147483647;
			files = (
				2F98300B1ECDE88C005FA910 /* LaunchScreen.storyboard in Resources */,
				2F9830081ECDE88C005FA910 /* Assets.xcassets in Resources */,
				2F9830061ECDE88C005FA910 /* Main.storyboard in Resources */,
			);
			runOnlyForDeploymentPostprocessing = 0;
		};
/* End PBXResourcesBuildPhase section */

/* Begin PBXSourcesBuildPhase section */
		2F982FF91ECDE88C005FA910 /* Sources */ = {
			isa = PBXSourcesBuildPhase;
			buildActionMask = 2147483647;
			files = (
				2F9830031ECDE88C005FA910 /* ViewController.swift in Sources */,
				2F9830011ECDE88C005FA910 /* AppDelegate.swift in Sources */,
			);
			runOnlyForDeploymentPostprocessing = 0;
		};
/* End PBXSourcesBuildPhase section */

/* Begin PBXVariantGroup section */
		2F9830041ECDE88C005FA910 /* Main.storyboard */ = {
			isa = PBXVariantGroup;
			children = (
				2F9830051ECDE88C005FA910 /* Base */,
			);
			name = Main.storyboard;
			sourceTree = "<group>";
		};
		2F9830091ECDE88C005FA910 /* LaunchScreen.storyboard */ = {
			isa = PBXVariantGroup;
			children = (
				2F98300A1ECDE88C005FA910 /* Base */,
			);
			name = LaunchScreen.storyboard;
			sourceTree = "<group>";
		};
/* End PBXVariantGroup section */

/* Begin XCBuildConfiguration section */
		2F98300D1ECDE88C005FA910 /* Debug */ = {
			isa = XCBuildConfiguration;
			buildSettings = {
				ALWAYS_SEARCH_USER_PATHS = NO;
				CLANG_ANALYZER_NONNULL = YES;
				CLANG_ANALYZER_NUMBER_OBJECT_CONVERSION = YES_AGGRESSIVE;
				CLANG_CXX_LANGUAGE_STANDARD = "gnu++0x";
				CLANG_CXX_LIBRARY = "libc++";
				CLANG_ENABLE_MODULES = YES;
				CLANG_ENABLE_OBJC_ARC = YES;
				CLANG_WARN_BOOL_CONVERSION = YES;
				CLANG_WARN_CONSTANT_CONVERSION = YES;
				CLANG_WARN_DIRECT_OBJC_ISA_USAGE = YES_ERROR;
				CLANG_WARN_DOCUMENTATION_COMMENTS = YES;
				CLANG_WARN_EMPTY_BODY = YES;
				CLANG_WARN_ENUM_CONVERSION = YES;
				CLANG_WARN_INFINITE_RECURSION = YES;
				CLANG_WARN_INT_CONVERSION = YES;
				CLANG_WARN_OBJC_ROOT_CLASS = YES_ERROR;
				CLANG_WARN_SUSPICIOUS_MOVE = YES;
				CLANG_WARN_UNREACHABLE_CODE = YES;
				CLANG_WARN__DUPLICATE_METHOD_MATCH = YES;
				"CODE_SIGN_IDENTITY[sdk=iphoneos*]" = "iPhone Developer";
				COPY_PHASE_STRIP = NO;
				DEBUG_INFORMATION_FORMAT = dwarf;
				ENABLE_STRICT_OBJC_MSGSEND = YES;
				ENABLE_TESTABILITY = YES;
				GCC_C_LANGUAGE_STANDARD = gnu99;
				GCC_DYNAMIC_NO_PIC = NO;
				GCC_NO_COMMON_BLOCKS = YES;
				GCC_OPTIMIZATION_LEVEL = 0;
				GCC_PREPROCESSOR_DEFINITIONS = (
					"DEBUG=1",
					"$(inherited)",
				);
				GCC_WARN_64_TO_32_BIT_CONVERSION = YES;
				GCC_WARN_ABOUT_RETURN_TYPE = YES_ERROR;
				GCC_WARN_UNDECLARED_SELECTOR = YES;
				GCC_WARN_UNINITIALIZED_AUTOS = YES_AGGRESSIVE;
				GCC_WARN_UNUSED_FUNCTION = YES;
				GCC_WARN_UNUSED_VARIABLE = YES;
				IPHONEOS_DEPLOYMENT_TARGET = 10.3;
				MTL_ENABLE_DEBUG_INFO = YES;
				ONLY_ACTIVE_ARCH = YES;
				SDKROOT = iphoneos;
				SWIFT_ACTIVE_COMPILATION_CONDITIONS = DEBUG;
				SWIFT_OPTIMIZATION_LEVEL = "-Onone";
			};
			name = Debug;
		};
		2F98300E1ECDE88C005FA910 /* Release */ = {
			isa = XCBuildConfiguration;
			buildSettings = {
				ALWAYS_SEARCH_USER_PATHS = NO;
				CLANG_ANALYZER_NONNULL = YES;
				CLANG_ANALYZER_NUMBER_OBJECT_CONVERSION = YES_AGGRESSIVE;
				CLANG_CXX_LANGUAGE_STANDARD = "gnu++0x";
				CLANG_CXX_LIBRARY = "libc++";
				CLANG_ENABLE_MODULES = YES;
				CLANG_ENABLE_OBJC_ARC = YES;
				CLANG_WARN_BOOL_CONVERSION = YES;
				CLANG_WARN_CONSTANT_CONVERSION = YES;
				CLANG_WARN_DIRECT_OBJC_ISA_USAGE = YES_ERROR;
				CLANG_WARN_DOCUMENTATION_COMMENTS = YES;
				CLANG_WARN_EMPTY_BODY = YES;
				CLANG_WARN_ENUM_CONVERSION = YES;
				CLANG_WARN_INFINITE_RECURSION = YES;
				CLANG_WARN_INT_CONVERSION = YES;
				CLANG_WARN_OBJC_ROOT_CLASS = YES_ERROR;
				CLANG_WARN_SUSPICIOUS_MOVE = YES;
				CLANG_WARN_UNREACHABLE_CODE = YES;
				CLANG_WARN__DUPLICATE_METHOD_MATCH = YES;
				"CODE_SIGN_IDENTITY[sdk=iphoneos*]" = "iPhone Developer";
				COPY_PHASE_STRIP = NO;
				DEBUG_INFORMATION_FORMAT = "dwarf-with-dsym";
				ENABLE_NS_ASSERTIONS = NO;
				ENABLE_STRICT_OBJC_MSGSEND = YES;
				GCC_C_LANGUAGE_STANDARD = gnu99;
				GCC_NO_COMMON_BLOCKS = YES;
				GCC_WARN_64_TO_32_BIT_CONVERSION = YES;
				GCC_WARN_ABOUT_RETURN_TYPE = YES_ERROR;
				GCC_WARN_UNDECLARED_SELECTOR = YES;
				GCC_WARN_UNINITIALIZED_AUTOS = YES_AGGRESSIVE;
				GCC_WARN_UNUSED_FUNCTION = YES;
				GCC_WARN_UNUSED_VARIABLE = YES;
				IPHONEOS_DEPLOYMENT_TARGET = 10.3;
				MTL_ENABLE_DEBUG_INFO = NO;
				SDKROOT = iphoneos;
				SWIFT_OPTIMIZATION_LEVEL = "-Owholemodule";
				VALIDATE_PRODUCT = YES;
			};
			name = Release;
		};
		2F9830101ECDE88C005FA910 /* Debug */ = {
			isa = XCBuildConfiguration;
			buildSettings = {
				ASSETCATALOG_COMPILER_APPICON_NAME = AppIcon;
				DEVELOPMENT_TEAM = SZSQ274898;
				INFOPLIST_FILE = TesteRasgadaoRasgado/Info.plist;
				LD_RUNPATH_SEARCH_PATHS = "$(inherited) @executable_path/Frameworks";
				PRODUCT_BUNDLE_IDENTIFIER = com.liftt.TesteRasgadaoRasgado;
				PRODUCT_NAME = "$(TARGET_NAME)";
				SWIFT_VERSION = 3.0;
			};
			name = Debug;
		};
		2F9830111ECDE88C005FA910 /* Release */ = {
			isa = XCBuildConfiguration;
			buildSettings = {
				ASSETCATALOG_COMPILER_APPICON_NAME = AppIcon;
				DEVELOPMENT_TEAM = SZSQ274898;
				INFOPLIST_FILE = TesteRasgadaoRasgado/Info.plist;
				LD_RUNPATH_SEARCH_PATHS = "$(inherited) @executable_path/Frameworks";
				PRODUCT_BUNDLE_IDENTIFIER = com.liftt.TesteRasgadaoRasgado;
				PRODUCT_NAME = "$(TARGET_NAME)";
				SWIFT_VERSION = 3.0;
			};
			name = Release;
		};
/* End XCBuildConfiguration section */

/* Begin XCConfigurationList section */
		2F982FF81ECDE88C005FA910 /* Build configuration list for PBXProject "TesteRasgadaoRasgado" */ = {
			isa = XCConfigurationList;
			buildConfigurations = (
				2F98300D1ECDE88C005FA910 /* Debug */,
				2F98300E1ECDE88C005FA910 /* Release */,
			);
			defaultConfigurationIsVisible = 0;
			defaultConfigurationName = Release;
		};
		2F98300F1ECDE88C005FA910 /* Build configuration list for PBXNativeTarget "TesteRasgadaoRasgado" */ = {
			isa = XCConfigurationList;
			buildConfigurations = (
				2F9830101ECDE88C005FA910 /* Debug */,
				2F9830111ECDE88C005FA910 /* Release */,
			);
			defaultConfigurationIsVisible = 0;
			defaultConfigurationName = Release;
		};
/* End XCConfigurationList section */
	};
	rootObject = 2F982FF51ECDE88C005FA910 /* Project object */;
}
